// !$*UTF8*$!
{
	archiveVersion = 1;
	classes = {
	};
	objectVersion = 56;
	objects = {

/* Begin PBXBuildFile section */
		DC2D1B492A4200E20035F215 /* AppDelegate.swift in Sources */ = {isa = PBXBuildFile; fileRef = DC2D1B482A4200E20035F215 /* AppDelegate.swift */; };
		DC2D1B4B2A4200E20035F215 /* SceneDelegate.swift in Sources */ = {isa = PBXBuildFile; fileRef = DC2D1B4A2A4200E20035F215 /* SceneDelegate.swift */; };
		DC2D1B4D2A4200E20035F215 /* ViewController.swift in Sources */ = {isa = PBXBuildFile; fileRef = DC2D1B4C2A4200E20035F215 /* ViewController.swift */; };
		DC2D1B502A4200E20035F215 /* Main.storyboard in Resources */ = {isa = PBXBuildFile; fileRef = DC2D1B4E2A4200E20035F215 /* Main.storyboard */; };
		DC2D1B522A4200E40035F215 /* Assets.xcassets in Resources */ = {isa = PBXBuildFile; fileRef = DC2D1B512A4200E40035F215 /* Assets.xcassets */; };
		DC2D1B552A4200E40035F215 /* LaunchScreen.storyboard in Resources */ = {isa = PBXBuildFile; fileRef = DC2D1B532A4200E40035F215 /* LaunchScreen.storyboard */; };
		DC2D1B602A4200E40035F215 /* MeanGolfAppTests.swift in Sources */ = {isa = PBXBuildFile; fileRef = DC2D1B5F2A4200E40035F215 /* MeanGolfAppTests.swift */; };
		DC2D1B6A2A4200E50035F215 /* MeanGolfAppUITests.swift in Sources */ = {isa = PBXBuildFile; fileRef = DC2D1B692A4200E50035F215 /* MeanGolfAppUITests.swift */; };
		DC2D1B6C2A4200E50035F215 /* MeanGolfAppUITestsLaunchTests.swift in Sources */ = {isa = PBXBuildFile; fileRef = DC2D1B6B2A4200E50035F215 /* MeanGolfAppUITestsLaunchTests.swift */; };
/* End PBXBuildFile section */

/* Begin PBXContainerItemProxy section */
		DC2D1B5C2A4200E40035F215 /* PBXContainerItemProxy */ = {
			isa = PBXContainerItemProxy;
			containerPortal = DC2D1B3D2A4200E20035F215 /* Project object */;
			proxyType = 1;
			remoteGlobalIDString = DC2D1B442A4200E20035F215;
			remoteInfo = MeanGolfApp;
		};
		DC2D1B662A4200E50035F215 /* PBXContainerItemProxy */ = {
			isa = PBXContainerItemProxy;
			containerPortal = DC2D1B3D2A4200E20035F215 /* Project object */;
			proxyType = 1;
			remoteGlobalIDString = DC2D1B442A4200E20035F215;
			remoteInfo = MeanGolfApp;
		};
/* End PBXContainerItemProxy section */

/* Begin PBXFileReference section */
		DC2D1B452A4200E20035F215 /* MeanGolfApp.app */ = {isa = PBXFileReference; explicitFileType = wrapper.application; includeInIndex = 0; path = MeanGolfApp.app; sourceTree = BUILT_PRODUCTS_DIR; };
		DC2D1B482A4200E20035F215 /* AppDelegate.swift */ = {isa = PBXFileReference; lastKnownFileType = sourcecode.swift; path = AppDelegate.swift; sourceTree = "<group>"; };
		DC2D1B4A2A4200E20035F215 /* SceneDelegate.swift */ = {isa = PBXFileReference; lastKnownFileType = sourcecode.swift; path = SceneDelegate.swift; sourceTree = "<group>"; };
		DC2D1B4C2A4200E20035F215 /* ViewController.swift */ = {isa = PBXFileReference; lastKnownFileType = sourcecode.swift; path = ViewController.swift; sourceTree = "<group>"; };
		DC2D1B4F2A4200E20035F215 /* Base */ = {isa = PBXFileReference; lastKnownFileType = file.storyboard; name = Base; path = Base.lproj/Main.storyboard; sourceTree = "<group>"; };
		DC2D1B512A4200E40035F215 /* Assets.xcassets */ = {isa = PBXFileReference; lastKnownFileType = folder.assetcatalog; path = Assets.xcassets; sourceTree = "<group>"; };
		DC2D1B542A4200E40035F215 /* Base */ = {isa = PBXFileReference; lastKnownFileType = file.storyboard; name = Base; path = Base.lproj/LaunchScreen.storyboard; sourceTree = "<group>"; };
		DC2D1B562A4200E40035F215 /* Info.plist */ = {isa = PBXFileReference; lastKnownFileType = text.plist.xml; path = Info.plist; sourceTree = "<group>"; };
		DC2D1B5B2A4200E40035F215 /* MeanGolfAppTests.xctest */ = {isa = PBXFileReference; explicitFileType = wrapper.cfbundle; includeInIndex = 0; path = MeanGolfAppTests.xctest; sourceTree = BUILT_PRODUCTS_DIR; };
		DC2D1B5F2A4200E40035F215 /* MeanGolfAppTests.swift */ = {isa = PBXFileReference; lastKnownFileType = sourcecode.swift; path = MeanGolfAppTests.swift; sourceTree = "<group>"; };
		DC2D1B652A4200E50035F215 /* MeanGolfAppUITests.xctest */ = {isa = PBXFileReference; explicitFileType = wrapper.cfbundle; includeInIndex = 0; path = MeanGolfAppUITests.xctest; sourceTree = BUILT_PRODUCTS_DIR; };
		DC2D1B692A4200E50035F215 /* MeanGolfAppUITests.swift */ = {isa = PBXFileReference; lastKnownFileType = sourcecode.swift; path = MeanGolfAppUITests.swift; sourceTree = "<group>"; };
		DC2D1B6B2A4200E50035F215 /* MeanGolfAppUITestsLaunchTests.swift */ = {isa = PBXFileReference; lastKnownFileType = sourcecode.swift; path = MeanGolfAppUITestsLaunchTests.swift; sourceTree = "<group>"; };
/* End PBXFileReference section */

/* Begin PBXFrameworksBuildPhase section */
		DC2D1B422A4200E20035F215 /* Frameworks */ = {
			isa = PBXFrameworksBuildPhase;
			buildActionMask = 2147483647;
			files = (
			);
			runOnlyForDeploymentPostprocessing = 0;
		};
		DC2D1B582A4200E40035F215 /* Frameworks */ = {
			isa = PBXFrameworksBuildPhase;
			buildActionMask = 2147483647;
			files = (
			);
			runOnlyForDeploymentPostprocessing = 0;
		};
		DC2D1B622A4200E50035F215 /* Frameworks */ = {
			isa = PBXFrameworksBuildPhase;
			buildActionMask = 2147483647;
			files = (
			);
			runOnlyForDeploymentPostprocessing = 0;
		};
/* End PBXFrameworksBuildPhase section */

/* Begin PBXGroup section */
		DC2D1B3C2A4200E20035F215 = {
			isa = PBXGroup;
			children = (
				DC2D1B472A4200E20035F215 /* MeanGolfApp */,
				DC2D1B5E2A4200E40035F215 /* MeanGolfAppTests */,
				DC2D1B682A4200E50035F215 /* MeanGolfAppUITests */,
				DC2D1B462A4200E20035F215 /* Products */,
			);
			sourceTree = "<group>";
		};
		DC2D1B462A4200E20035F215 /* Products */ = {
			isa = PBXGroup;
			children = (
				DC2D1B452A4200E20035F215 /* MeanGolfApp.app */,
				DC2D1B5B2A4200E40035F215 /* MeanGolfAppTests.xctest */,
				DC2D1B652A4200E50035F215 /* MeanGolfAppUITests.xctest */,
			);
			name = Products;
			sourceTree = "<group>";
		};
		DC2D1B472A4200E20035F215 /* MeanGolfApp */ = {
			isa = PBXGroup;
			children = (
				DC2D1B482A4200E20035F215 /* AppDelegate.swift */,
				DC2D1B4A2A4200E20035F215 /* SceneDelegate.swift */,
				DC2D1B4C2A4200E20035F215 /* ViewController.swift */,
				DC2D1B4E2A4200E20035F215 /* Main.storyboard */,
				DC2D1B512A4200E40035F215 /* Assets.xcassets */,
				DC2D1B532A4200E40035F215 /* LaunchScreen.storyboard */,
				DC2D1B562A4200E40035F215 /* Info.plist */,
			);
			path = MeanGolfApp;
			sourceTree = "<group>";
		};
		DC2D1B5E2A4200E40035F215 /* MeanGolfAppTests */ = {
			isa = PBXGroup;
			children = (
				DC2D1B5F2A4200E40035F215 /* MeanGolfAppTests.swift */,
			);
			path = MeanGolfAppTests;
			sourceTree = "<group>";
		};
		DC2D1B682A4200E50035F215 /* MeanGolfAppUITests */ = {
			isa = PBXGroup;
			children = (
				DC2D1B692A4200E50035F215 /* MeanGolfAppUITests.swift */,
				DC2D1B6B2A4200E50035F215 /* MeanGolfAppUITestsLaunchTests.swift */,
			);
			path = MeanGolfAppUITests;
			sourceTree = "<group>";
		};
/* End PBXGroup section */

/* Begin PBXNativeTarget section */
		DC2D1B442A4200E20035F215 /* MeanGolfApp */ = {
			isa = PBXNativeTarget;
			buildConfigurationList = DC2D1B6F2A4200E50035F215 /* Build configuration list for PBXNativeTarget "MeanGolfApp" */;
			buildPhases = (
				DC2D1B412A4200E20035F215 /* Sources */,
				DC2D1B422A4200E20035F215 /* Frameworks */,
				DC2D1B432A4200E20035F215 /* Resources */,
			);
			buildRules = (
			);
			dependencies = (
			);
			name = MeanGolfApp;
			productName = MeanGolfApp;
			productReference = DC2D1B452A4200E20035F215 /* MeanGolfApp.app */;
			productType = "com.apple.product-type.application";
		};
		DC2D1B5A2A4200E40035F215 /* MeanGolfAppTests */ = {
			isa = PBXNativeTarget;
			buildConfigurationList = DC2D1B722A4200E50035F215 /* Build configuration list for PBXNativeTarget "MeanGolfAppTests" */;
			buildPhases = (
				DC2D1B572A4200E40035F215 /* Sources */,
				DC2D1B582A4200E40035F215 /* Frameworks */,
				DC2D1B592A4200E40035F215 /* Resources */,
			);
			buildRules = (
			);
			dependencies = (
				DC2D1B5D2A4200E40035F215 /* PBXTargetDependency */,
			);
			name = MeanGolfAppTests;
			productName = MeanGolfAppTests;
			productReference = DC2D1B5B2A4200E40035F215 /* MeanGolfAppTests.xctest */;
			productType = "com.apple.product-type.bundle.unit-test";
		};
		DC2D1B642A4200E50035F215 /* MeanGolfAppUITests */ = {
			isa = PBXNativeTarget;
			buildConfigurationList = DC2D1B752A4200E50035F215 /* Build configuration list for PBXNativeTarget "MeanGolfAppUITests" */;
			buildPhases = (
				DC2D1B612A4200E50035F215 /* Sources */,
				DC2D1B622A4200E50035F215 /* Frameworks */,
				DC2D1B632A4200E50035F215 /* Resources */,
			);
			buildRules = (
			);
			dependencies = (
				DC2D1B672A4200E50035F215 /* PBXTargetDependency */,
			);
			name = MeanGolfAppUITests;
			productName = MeanGolfAppUITests;
			productReference = DC2D1B652A4200E50035F215 /* MeanGolfAppUITests.xctest */;
			productType = "com.apple.product-type.bundle.ui-testing";
		};
/* End PBXNativeTarget section */

/* Begin PBXProject section */
		DC2D1B3D2A4200E20035F215 /* Project object */ = {
			isa = PBXProject;
			attributes = {
				BuildIndependentTargetsInParallel = 1;
				LastSwiftUpdateCheck = 1430;
				LastUpgradeCheck = 1430;
				TargetAttributes = {
					DC2D1B442A4200E20035F215 = {
						CreatedOnToolsVersion = 14.3;
					};
					DC2D1B5A2A4200E40035F215 = {
						CreatedOnToolsVersion = 14.3;
						TestTargetID = DC2D1B442A4200E20035F215;
					};
					DC2D1B642A4200E50035F215 = {
						CreatedOnToolsVersion = 14.3;
						TestTargetID = DC2D1B442A4200E20035F215;
					};
				};
			};
			buildConfigurationList = DC2D1B402A4200E20035F215 /* Build configuration list for PBXProject "MeanGolfApp" */;
			compatibilityVersion = "Xcode 14.0";
			developmentRegion = en;
			hasScannedForEncodings = 0;
			knownRegions = (
				en,
				Base,
			);
			mainGroup = DC2D1B3C2A4200E20035F215;
			productRefGroup = DC2D1B462A4200E20035F215 /* Products */;
			projectDirPath = "";
			projectRoot = "";
			targets = (
				DC2D1B442A4200E20035F215 /* MeanGolfApp */,
				DC2D1B5A2A4200E40035F215 /* MeanGolfAppTests */,
				DC2D1B642A4200E50035F215 /* MeanGolfAppUITests */,
			);
		};
/* End PBXProject section */

/* Begin PBXResourcesBuildPhase section */
		DC2D1B432A4200E20035F215 /* Resources */ = {
			isa = PBXResourcesBuildPhase;
			buildActionMask = 2147483647;
			files = (
				DC2D1B552A4200E40035F215 /* LaunchScreen.storyboard in Resources */,
				DC2D1B522A4200E40035F215 /* Assets.xcassets in Resources */,
				DC2D1B502A4200E20035F215 /* Main.storyboard in Resources */,
			);
			runOnlyForDeploymentPostprocessing = 0;
		};
		DC2D1B592A4200E40035F215 /* Resources */ = {
			isa = PBXResourcesBuildPhase;
			buildActionMask = 2147483647;
			files = (
			);
			runOnlyForDeploymentPostprocessing = 0;
		};
		DC2D1B632A4200E50035F215 /* Resources */ = {
			isa = PBXResourcesBuildPhase;
			buildActionMask = 2147483647;
			files = (
			);
			runOnlyForDeploymentPostprocessing = 0;
		};
/* End PBXResourcesBuildPhase section */

/* Begin PBXSourcesBuildPhase section */
		DC2D1B412A4200E20035F215 /* Sources */ = {
			isa = PBXSourcesBuildPhase;
			buildActionMask = 2147483647;
			files = (
				DC2D1B4D2A4200E20035F215 /* ViewController.swift in Sources */,
				DC2D1B492A4200E20035F215 /* AppDelegate.swift in Sources */,
				DC2D1B4B2A4200E20035F215 /* SceneDelegate.swift in Sources */,
			);
			runOnlyForDeploymentPostprocessing = 0;
		};
		DC2D1B572A4200E40035F215 /* Sources */ = {
			isa = PBXSourcesBuildPhase;
			buildActionMask = 2147483647;
			files = (
				DC2D1B602A4200E40035F215 /* MeanGolfAppTests.swift in Sources */,
			);
			runOnlyForDeploymentPostprocessing = 0;
		};
		DC2D1B612A4200E50035F215 /* Sources */ = {
			isa = PBXSourcesBuildPhase;
			buildActionMask = 2147483647;
			files = (
				DC2D1B6A2A4200E50035F215 /* MeanGolfAppUITests.swift in Sources */,
				DC2D1B6C2A4200E50035F215 /* MeanGolfAppUITestsLaunchTests.swift in Sources */,
			);
			runOnlyForDeploymentPostprocessing = 0;
		};
/* End PBXSourcesBuildPhase section */

/* Begin PBXTargetDependency section */
		DC2D1B5D2A4200E40035F215 /* PBXTargetDependency */ = {
			isa = PBXTargetDependency;
			target = DC2D1B442A4200E20035F215 /* MeanGolfApp */;
			targetProxy = DC2D1B5C2A4200E40035F215 /* PBXContainerItemProxy */;
		};
		DC2D1B672A4200E50035F215 /* PBXTargetDependency */ = {
			isa = PBXTargetDependency;
			target = DC2D1B442A4200E20035F215 /* MeanGolfApp */;
			targetProxy = DC2D1B662A4200E50035F215 /* PBXContainerItemProxy */;
		};
/* End PBXTargetDependency section */

/* Begin PBXVariantGroup section */
		DC2D1B4E2A4200E20035F215 /* Main.storyboard */ = {
			isa = PBXVariantGroup;
			children = (
				DC2D1B4F2A4200E20035F215 /* Base */,
			);
			name = Main.storyboard;
			sourceTree = "<group>";
		};
		DC2D1B532A4200E40035F215 /* LaunchScreen.storyboard */ = {
			isa = PBXVariantGroup;
			children = (
				DC2D1B542A4200E40035F215 /* Base */,
			);
			name = LaunchScreen.storyboard;
			sourceTree = "<group>";
		};
/* End PBXVariantGroup section */

/* Begin XCBuildConfiguration section */
		DC2D1B6D2A4200E50035F215 /* Debug */ = {
			isa = XCBuildConfiguration;
			buildSettings = {
				ALWAYS_SEARCH_USER_PATHS = NO;
				CLANG_ANALYZER_NONNULL = YES;
				CLANG_ANALYZER_NUMBER_OBJECT_CONVERSION = YES_AGGRESSIVE;
				CLANG_CXX_LANGUAGE_STANDARD = "gnu++20";
				CLANG_ENABLE_MODULES = YES;
				CLANG_ENABLE_OBJC_ARC = YES;
				CLANG_ENABLE_OBJC_WEAK = YES;
				CLANG_WARN_BLOCK_CAPTURE_AUTORELEASING = YES;
				CLANG_WARN_BOOL_CONVERSION = YES;
				CLANG_WARN_COMMA = YES;
				CLANG_WARN_CONSTANT_CONVERSION = YES;
				CLANG_WARN_DEPRECATED_OBJC_IMPLEMENTATIONS = YES;
				CLANG_WARN_DIRECT_OBJC_ISA_USAGE = YES_ERROR;
				CLANG_WARN_DOCUMENTATION_COMMENTS = YES;
				CLANG_WARN_EMPTY_BODY = YES;
				CLANG_WARN_ENUM_CONVERSION = YES;
				CLANG_WARN_INFINITE_RECURSION = YES;
				CLANG_WARN_INT_CONVERSION = YES;
				CLANG_WARN_NON_LITERAL_NULL_CONVERSION = YES;
				CLANG_WARN_OBJC_IMPLICIT_RETAIN_SELF = YES;
				CLANG_WARN_OBJC_LITERAL_CONVERSION = YES;
				CLANG_WARN_OBJC_ROOT_CLASS = YES_ERROR;
				CLANG_WARN_QUOTED_INCLUDE_IN_FRAMEWORK_HEADER = YES;
				CLANG_WARN_RANGE_LOOP_ANALYSIS = YES;
				CLANG_WARN_STRICT_PROTOTYPES = YES;
				CLANG_WARN_SUSPICIOUS_MOVE = YES;
				CLANG_WARN_UNGUARDED_AVAILABILITY = YES_AGGRESSIVE;
				CLANG_WARN_UNREACHABLE_CODE = YES;
				CLANG_WARN__DUPLICATE_METHOD_MATCH = YES;
				COPY_PHASE_STRIP = NO;
				DEBUG_INFORMATION_FORMAT = dwarf;
				ENABLE_STRICT_OBJC_MSGSEND = YES;
				ENABLE_TESTABILITY = YES;
				GCC_C_LANGUAGE_STANDARD = gnu11;
				GCC_DYNAMIC_NO_PIC = NO;
				GCC_NO_COMMON_BLOCKS = YES;
				GCC_OPTIMIZATION_LEVEL = 0;
				GCC_PREPROCESSOR_DEFINITIONS = (
					"DEBUG=1",
					"$(inherited)",
				);
				GCC_WARN_64_TO_32_BIT_CONVERSION = YES;
				GCC_WARN_ABOUT_RETURN_TYPE = YES_ERROR;
				GCC_WARN_UNDECLARED_SELECTOR = YES;
				GCC_WARN_UNINITIALIZED_AUTOS = YES_AGGRESSIVE;
				GCC_WARN_UNUSED_FUNCTION = YES;
				GCC_WARN_UNUSED_VARIABLE = YES;
				IPHONEOS_DEPLOYMENT_TARGET = 16.4;
				MTL_ENABLE_DEBUG_INFO = INCLUDE_SOURCE;
				MTL_FAST_MATH = YES;
				ONLY_ACTIVE_ARCH = YES;
				SDKROOT = iphoneos;
				SWIFT_ACTIVE_COMPILATION_CONDITIONS = DEBUG;
				SWIFT_OPTIMIZATION_LEVEL = "-Onone";
			};
			name = Debug;
		};
		DC2D1B6E2A4200E50035F215 /* Release */ = {
			isa = XCBuildConfiguration;
			buildSettings = {
				ALWAYS_SEARCH_USER_PATHS = NO;
				CLANG_ANALYZER_NONNULL = YES;
				CLANG_ANALYZER_NUMBER_OBJECT_CONVERSION = YES_AGGRESSIVE;
				CLANG_CXX_LANGUAGE_STANDARD = "gnu++20";
				CLANG_ENABLE_MODULES = YES;
				CLANG_ENABLE_OBJC_ARC = YES;
				CLANG_ENABLE_OBJC_WEAK = YES;
				CLANG_WARN_BLOCK_CAPTURE_AUTORELEASING = YES;
				CLANG_WARN_BOOL_CONVERSION = YES;
				CLANG_WARN_COMMA = YES;
				CLANG_WARN_CONSTANT_CONVERSION = YES;
				CLANG_WARN_DEPRECATED_OBJC_IMPLEMENTATIONS = YES;
				CLANG_WARN_DIRECT_OBJC_ISA_USAGE = YES_ERROR;
				CLANG_WARN_DOCUMENTATION_COMMENTS = YES;
				CLANG_WARN_EMPTY_BODY = YES;
				CLANG_WARN_ENUM_CONVERSION = YES;
				CLANG_WARN_INFINITE_RECURSION = YES;
				CLANG_WARN_INT_CONVERSION = YES;
				CLANG_WARN_NON_LITERAL_NULL_CONVERSION = YES;
				CLANG_WARN_OBJC_IMPLICIT_RETAIN_SELF = YES;
				CLANG_WARN_OBJC_LITERAL_CONVERSION = YES;
				CLANG_WARN_OBJC_ROOT_CLASS = YES_ERROR;
				CLANG_WARN_QUOTED_INCLUDE_IN_FRAMEWORK_HEADER = YES;
				CLANG_WARN_RANGE_LOOP_ANALYSIS = YES;
				CLANG_WARN_STRICT_PROTOTYPES = YES;
				CLANG_WARN_SUSPICIOUS_MOVE = YES;
				CLANG_WARN_UNGUARDED_AVAILABILITY = YES_AGGRESSIVE;
				CLANG_WARN_UNREACHABLE_CODE = YES;
				CLANG_WARN__DUPLICATE_METHOD_MATCH = YES;
				COPY_PHASE_STRIP = NO;
				DEBUG_INFORMATION_FORMAT = "dwarf-with-dsym";
				ENABLE_NS_ASSERTIONS = NO;
				ENABLE_STRICT_OBJC_MSGSEND = YES;
				GCC_C_LANGUAGE_STANDARD = gnu11;
				GCC_NO_COMMON_BLOCKS = YES;
				GCC_WARN_64_TO_32_BIT_CONVERSION = YES;
				GCC_WARN_ABOUT_RETURN_TYPE = YES_ERROR;
				GCC_WARN_UNDECLARED_SELECTOR = YES;
				GCC_WARN_UNINITIALIZED_AUTOS = YES_AGGRESSIVE;
				GCC_WARN_UNUSED_FUNCTION = YES;
				GCC_WARN_UNUSED_VARIABLE = YES;
				IPHONEOS_DEPLOYMENT_TARGET = 16.4;
				MTL_ENABLE_DEBUG_INFO = NO;
				MTL_FAST_MATH = YES;
				SDKROOT = iphoneos;
				SWIFT_COMPILATION_MODE = wholemodule;
				SWIFT_OPTIMIZATION_LEVEL = "-O";
				VALIDATE_PRODUCT = YES;
			};
			name = Release;
		};
		DC2D1B702A4200E50035F215 /* Debug */ = {
			isa = XCBuildConfiguration;
			buildSettings = {
				ASSETCATALOG_COMPILER_APPICON_NAME = AppIcon;
				ASSETCATALOG_COMPILER_GLOBAL_ACCENT_COLOR_NAME = AccentColor;
				CODE_SIGN_STYLE = Automatic;
				CURRENT_PROJECT_VERSION = 1;
				DEVELOPMENT_TEAM = C9TTTX5W7D;
				GENERATE_INFOPLIST_FILE = YES;
				INFOPLIST_FILE = MeanGolfApp/Info.plist;
				INFOPLIST_KEY_UIApplicationSupportsIndirectInputEvents = YES;
				INFOPLIST_KEY_UILaunchStoryboardName = LaunchScreen;
				INFOPLIST_KEY_UIMainStoryboardFile = Main;
				INFOPLIST_KEY_UISupportedInterfaceOrientations_iPad = "UIInterfaceOrientationPortrait UIInterfaceOrientationPortraitUpsideDown UIInterfaceOrientationLandscapeLeft UIInterfaceOrientationLandscapeRight";
				INFOPLIST_KEY_UISupportedInterfaceOrientations_iPhone = "UIInterfaceOrientationPortrait UIInterfaceOrientationLandscapeLeft UIInterfaceOrientationLandscapeRight";
				LD_RUNPATH_SEARCH_PATHS = (
					"$(inherited)",
					"@executable_path/Frameworks",
				);
				MARKETING_VERSION = 1.0;
				PRODUCT_BUNDLE_IDENTIFIER = com.meangolf.meangolf.MeanGolfApp;
				PRODUCT_NAME = "$(TARGET_NAME)";
				SWIFT_EMIT_LOC_STRINGS = YES;
				SWIFT_VERSION = 5.0;
				TARGETED_DEVICE_FAMILY = "1,2";
			};
			name = Debug;
		};
		DC2D1B712A4200E50035F215 /* Release */ = {
			isa = XCBuildConfiguration;
			buildSettings = {
				ASSETCATALOG_COMPILER_APPICON_NAME = AppIcon;
				ASSETCATALOG_COMPILER_GLOBAL_ACCENT_COLOR_NAME = AccentColor;
				CODE_SIGN_STYLE = Automatic;
				CURRENT_PROJECT_VERSION = 1;
				DEVELOPMENT_TEAM = C9TTTX5W7D;
				GENERATE_INFOPLIST_FILE = YES;
				INFOPLIST_FILE = MeanGolfApp/Info.plist;
				INFOPLIST_KEY_UIApplicationSupportsIndirectInputEvents = YES;
				INFOPLIST_KEY_UILaunchStoryboardName = LaunchScreen;
				INFOPLIST_KEY_UIMainStoryboardFile = Main;
				INFOPLIST_KEY_UISupportedInterfaceOrientations_iPad = "UIInterfaceOrientationPortrait UIInterfaceOrientationPortraitUpsideDown UIInterfaceOrientationLandscapeLeft UIInterfaceOrientationLandscapeRight";
				INFOPLIST_KEY_UISupportedInterfaceOrientations_iPhone = "UIInterfaceOrientationPortrait UIInterfaceOrientationLandscapeLeft UIInterfaceOrientationLandscapeRight";
				LD_RUNPATH_SEARCH_PATHS = (
					"$(inherited)",
					"@executable_path/Frameworks",
				);
				MARKETING_VERSION = 1.0;
				PRODUCT_BUNDLE_IDENTIFIER = com.meangolf.meangolf.MeanGolfApp;
				PRODUCT_NAME = "$(TARGET_NAME)";
				SWIFT_EMIT_LOC_STRINGS = YES;
				SWIFT_VERSION = 5.0;
				TARGETED_DEVICE_FAMILY = "1,2";
			};
			name = Release;
		};
		DC2D1B732A4200E50035F215 /* Debug */ = {
			isa = XCBuildConfiguration;
			buildSettings = {
				ALWAYS_EMBED_SWIFT_STANDARD_LIBRARIES = YES;
				BUNDLE_LOADER = "$(TEST_HOST)";
				CODE_SIGN_STYLE = Automatic;
				CURRENT_PROJECT_VERSION = 1;
				DEVELOPMENT_TEAM = C9TTTX5W7D;
				GENERATE_INFOPLIST_FILE = YES;
				IPHONEOS_DEPLOYMENT_TARGET = 16.4;
				MARKETING_VERSION = 1.0;
				PRODUCT_BUNDLE_IDENTIFIER = com.meangolf.meangolf.MeanGolfAppTests;
				PRODUCT_NAME = "$(TARGET_NAME)";
				SWIFT_EMIT_LOC_STRINGS = NO;
				SWIFT_VERSION = 5.0;
				TARGETED_DEVICE_FAMILY = "1,2";
				TEST_HOST = "$(BUILT_PRODUCTS_DIR)/MeanGolfApp.app/$(BUNDLE_EXECUTABLE_FOLDER_PATH)/MeanGolfApp";
			};
			name = Debug;
		};
		DC2D1B742A4200E50035F215 /* Release */ = {
			isa = XCBuildConfiguration;
			buildSettings = {
				ALWAYS_EMBED_SWIFT_STANDARD_LIBRARIES = YES;
				BUNDLE_LOADER = "$(TEST_HOST)";
				CODE_SIGN_STYLE = Automatic;
				CURRENT_PROJECT_VERSION = 1;
				DEVELOPMENT_TEAM = C9TTTX5W7D;
				GENERATE_INFOPLIST_FILE = YES;
				IPHONEOS_DEPLOYMENT_TARGET = 16.4;
				MARKETING_VERSION = 1.0;
				PRODUCT_BUNDLE_IDENTIFIER = com.meangolf.meangolf.MeanGolfAppTests;
				PRODUCT_NAME = "$(TARGET_NAME)";
				SWIFT_EMIT_LOC_STRINGS = NO;
				SWIFT_VERSION = 5.0;
				TARGETED_DEVICE_FAMILY = "1,2";
				TEST_HOST = "$(BUILT_PRODUCTS_DIR)/MeanGolfApp.app/$(BUNDLE_EXECUTABLE_FOLDER_PATH)/MeanGolfApp";
			};
			name = Release;
		};
		DC2D1B762A4200E50035F215 /* Debug */ = {
			isa = XCBuildConfiguration;
			buildSettings = {
				ALWAYS_EMBED_SWIFT_STANDARD_LIBRARIES = YES;
				CODE_SIGN_STYLE = Automatic;
				CURRENT_PROJECT_VERSION = 1;
				DEVELOPMENT_TEAM = C9TTTX5W7D;
				GENERATE_INFOPLIST_FILE = YES;
				MARKETING_VERSION = 1.0;
				PRODUCT_BUNDLE_IDENTIFIER = com.meangolf.meangolf.MeanGolfAppUITests;
				PRODUCT_NAME = "$(TARGET_NAME)";
				SWIFT_EMIT_LOC_STRINGS = NO;
				SWIFT_VERSION = 5.0;
				TARGETED_DEVICE_FAMILY = "1,2";
				TEST_TARGET_NAME = MeanGolfApp;
			};
			name = Debug;
		};
		DC2D1B772A4200E50035F215 /* Release */ = {
			isa = XCBuildConfiguration;
			buildSettings = {
				ALWAYS_EMBED_SWIFT_STANDARD_LIBRARIES = YES;
				CODE_SIGN_STYLE = Automatic;
				CURRENT_PROJECT_VERSION = 1;
				DEVELOPMENT_TEAM = C9TTTX5W7D;
				GENERATE_INFOPLIST_FILE = YES;
				MARKETING_VERSION = 1.0;
				PRODUCT_BUNDLE_IDENTIFIER = com.meangolf.meangolf.MeanGolfAppUITests;
				PRODUCT_NAME = "$(TARGET_NAME)";
				SWIFT_EMIT_LOC_STRINGS = NO;
				SWIFT_VERSION = 5.0;
				TARGETED_DEVICE_FAMILY = "1,2";
				TEST_TARGET_NAME = MeanGolfApp;
			};
			name = Release;
		};
/* End XCBuildConfiguration section */

/* Begin XCConfigurationList section */
		DC2D1B402A4200E20035F215 /* Build configuration list for PBXProject "MeanGolfApp" */ = {
			isa = XCConfigurationList;
			buildConfigurations = (
				DC2D1B6D2A4200E50035F215 /* Debug */,
				DC2D1B6E2A4200E50035F215 /* Release */,
			);
			defaultConfigurationIsVisible = 0;
			defaultConfigurationName = Release;
		};
		DC2D1B6F2A4200E50035F215 /* Build configuration list for PBXNativeTarget "MeanGolfApp" */ = {
			isa = XCConfigurationList;
			buildConfigurations = (
				DC2D1B702A4200E50035F215 /* Debug */,
				DC2D1B712A4200E50035F215 /* Release */,
			);
			defaultConfigurationIsVisible = 0;
			defaultConfigurationName = Release;
		};
		DC2D1B722A4200E50035F215 /* Build configuration list for PBXNativeTarget "MeanGolfAppTests" */ = {
			isa = XCConfigurationList;
			buildConfigurations = (
				DC2D1B732A4200E50035F215 /* Debug */,
				DC2D1B742A4200E50035F215 /* Release */,
			);
			defaultConfigurationIsVisible = 0;
			defaultConfigurationName = Release;
		};
		DC2D1B752A4200E50035F215 /* Build configuration list for PBXNativeTarget "MeanGolfAppUITests" */ = {
			isa = XCConfigurationList;
			buildConfigurations = (
				DC2D1B762A4200E50035F215 /* Debug */,
				DC2D1B772A4200E50035F215 /* Release */,
			);
			defaultConfigurationIsVisible = 0;
			defaultConfigurationName = Release;
		};
/* End XCConfigurationList section */
	};
	rootObject = DC2D1B3D2A4200E20035F215 /* Project object */;
}
